
Microsoft Visual Studio Solution File, Format Version 11.00
# Visual Studio 2010
Project("{FAE04EC0-301F-11D3-BF4B-00C04F79EFBC}") = "Assembly-CSharp-firstpass", "Assembly-CSharp-firstpass.csproj", "{4BF7D443-A710-A0A0-3E60-EAC63EE593E7}"
EndProject
Project("{FAE04EC0-301F-11D3-BF4B-00C04F79EFBC}") = "Assembly-CSharp", "Assembly-CSharp.csproj", "{0F137066-92DF-2B6A-BAEA-D93612632B01}"
EndProject
Project("{FAE04EC0-301F-11D3-BF4B-00C04F79EFBC}") = "Assembly-CSharp-Editor-firstpass", "Assembly-CSharp-Editor-firstpass.csproj", "{1CD851D3-B666-813C-070F-3C68AAEE6B44}"
EndProject
Global
	GlobalSection(SolutionConfigurationPlatforms) = preSolution
		Debug|Any CPU = Debug|Any CPU
		Release|Any CPU = Release|Any CPU
	EndGlobalSection
	GlobalSection(ProjectConfigurationPlatforms) = postSolution
		{4BF7D443-A710-A0A0-3E60-EAC63EE593E7}.Debug|Any CPU.ActiveCfg = Debug|Any CPU
		{4BF7D443-A710-A0A0-3E60-EAC63EE593E7}.Debug|Any CPU.Build.0 = Debug|Any CPU
		{4BF7D443-A710-A0A0-3E60-EAC63EE593E7}.Release|Any CPU.ActiveCfg = Release|Any CPU
		{4BF7D443-A710-A0A0-3E60-EAC63EE593E7}.Release|Any CPU.Build.0 = Release|Any CPU
		{0F137066-92DF-2B6A-BAEA-D93612632B01}.Debug|Any CPU.ActiveCfg = Debug|Any CPU
		{0F137066-92DF-2B6A-BAEA-D93612632B01}.Debug|Any CPU.Build.0 = Debug|Any CPU
		{0F137066-92DF-2B6A-BAEA-D93612632B01}.Release|Any CPU.ActiveCfg = Release|Any CPU
		{0F137066-92DF-2B6A-BAEA-D93612632B01}.Release|Any CPU.Build.0 = Release|Any CPU
		{1CD851D3-B666-813C-070F-3C68AAEE6B44}.Debug|Any CPU.ActiveCfg = Debug|Any CPU
		{1CD851D3-B666-813C-070F-3C68AAEE6B44}.Debug|Any CPU.Build.0 = Debug|Any CPU
		{1CD851D3-B666-813C-070F-3C68AAEE6B44}.Release|Any CPU.ActiveCfg = Release|Any CPU
		{1CD851D3-B666-813C-070F-3C68AAEE6B44}.Release|Any CPU.Build.0 = Release|Any CPU
	EndGlobalSection
	GlobalSection(SolutionProperties) = preSolution
		HideSolutionNode = FALSE
	EndGlobalSection
	GlobalSection(MonoDevelopProperties) = preSolution
		StartupItem = Assembly-CSharp.csproj
	EndGlobalSection
EndGlobal
